{
  "name": "example",
  "version": "1.0.0",
  "lockfileVersion": 3,
  "requires": true,
  "packages": {
    "": {
      "name": "example",
      "version": "1.0.0",
      "license": "ISC",
      "dependencies": {
        "itten-color": "^1.0.3"
      }
    },
    "node_modules/itten-color": {
      "version": "1.0.3",
      "resolved": "https://registry.npmjs.org/itten-color/-/itten-color-1.0.3.tgz",
      "integrity": "sha512-pZBhjvNTYag5/YsimSrmCpIvpqPhHeg2oLJv4/C4l03opEUwRCcczb7t9XiV4r0NV9nPxsxjPm5jt5zsCXBd1A==",
      "license": "BSD-3-Clause"
    }
  }
}
